
Microsoft Visual Studio Solution File, Format Version 12.00
# Visual Studio Version 16
VisualStudioVersion = 16.0.31729.503
MinimumVisualStudioVersion = 10.0.40219.1
Project("{9A19103F-16F7-4668-BE54-9A1E7A4F7556}") = "PresentationLayer", "PresentationLayer.csproj", "{956D7D4B-B8E4-43BA-9914-E21E7CAF2CC2}"
EndProject
Project("{9A19103F-16F7-4668-BE54-9A1E7A4F7556}") = "ModifyLayer", "..\ModifyLayer\ModifyLayer.csproj", "{FBF0E604-8424-40E4-BDAB-592D8DB63ECF}"
EndProject
Project("{9A19103F-16F7-4668-BE54-9A1E7A4F7556}") = "DataLayer", "..\DataLayer\DataLayer.csproj", "{50A9254B-A3FF-4A03-944E-7E66FD75A5E5}"
EndProject
Global
	GlobalSection(SolutionConfigurationPlatforms) = preSolution
		Debug|Any CPU = Debug|Any CPU
		Release|Any CPU = Release|Any CPU
	EndGlobalSection
	GlobalSection(ProjectConfigurationPlatforms) = postSolution
		{956D7D4B-B8E4-43BA-9914-E21E7CAF2CC2}.Debug|Any CPU.ActiveCfg = Debug|Any CPU
		{956D7D4B-B8E4-43BA-9914-E21E7CAF2CC2}.Debug|Any CPU.Build.0 = Debug|Any CPU
		{956D7D4B-B8E4-43BA-9914-E21E7CAF2CC2}.Release|Any CPU.ActiveCfg = Release|Any CPU
		{956D7D4B-B8E4-43BA-9914-E21E7CAF2CC2}.Release|Any CPU.Build.0 = Release|Any CPU
		{FBF0E604-8424-40E4-BDAB-592D8DB63ECF}.Debug|Any CPU.ActiveCfg = Debug|Any CPU
		{FBF0E604-8424-40E4-BDAB-592D8DB63ECF}.Debug|Any CPU.Build.0 = Debug|Any CPU
		{FBF0E604-8424-40E4-BDAB-592D8DB63ECF}.Release|Any CPU.ActiveCfg = Release|Any CPU
		{FBF0E604-8424-40E4-BDAB-592D8DB63ECF}.Release|Any CPU.Build.0 = Release|Any CPU
		{50A9254B-A3FF-4A03-944E-7E66FD75A5E5}.Debug|Any CPU.ActiveCfg = Debug|Any CPU
		{50A9254B-A3FF-4A03-944E-7E66FD75A5E5}.Debug|Any CPU.Build.0 = Debug|Any CPU
		{50A9254B-A3FF-4A03-944E-7E66FD75A5E5}.Release|Any CPU.ActiveCfg = Release|Any CPU
		{50A9254B-A3FF-4A03-944E-7E66FD75A5E5}.Release|Any CPU.Build.0 = Release|Any CPU
	EndGlobalSection
	GlobalSection(SolutionProperties) = preSolution
		HideSolutionNode = FALSE
	EndGlobalSection
	GlobalSection(ExtensibilityGlobals) = postSolution
		SolutionGuid = {A6D917DE-EF2A-499B-8E47-A67BF06CB985}
	EndGlobalSection
EndGlobal
